
Microsoft Visual Studio Solution File, Format Version 12.00
# Visual Studio Version 17
VisualStudioVersion = 17.12.35514.174
MinimumVisualStudioVersion = 10.0.40219.1
Project("{FAE04EC0-301F-11D3-BF4B-00C04F79EFBC}") = "GitDemo.CLI", "GitDemo.CLI.csproj", "{77CBC76A-7771-4644-AEDE-DBA23BABDFA3}"
EndProject
Project("{FAE04EC0-301F-11D3-BF4B-00C04F79EFBC}") = "DebugLibrary", "..\libs\DebugLibrary\DebugLibrary.csproj", "{88388E48-4FDF-4688-8DA9-49F14D253C3E}"
EndProject
Global
	GlobalSection(SolutionConfigurationPlatforms) = preSolution
		Debug|Any CPU = Debug|Any CPU
		Release|Any CPU = Release|Any CPU
	EndGlobalSection
	GlobalSection(ProjectConfigurationPlatforms) = postSolution
		{77CBC76A-7771-4644-AEDE-DBA23BABDFA3}.Debug|Any CPU.ActiveCfg = Debug|Any CPU
		{77CBC76A-7771-4644-AEDE-DBA23BABDFA3}.Debug|Any CPU.Build.0 = Debug|Any CPU
		{77CBC76A-7771-4644-AEDE-DBA23BABDFA3}.Release|Any CPU.ActiveCfg = Release|Any CPU
		{77CBC76A-7771-4644-AEDE-DBA23BABDFA3}.Release|Any CPU.Build.0 = Release|Any CPU
		{88388E48-4FDF-4688-8DA9-49F14D253C3E}.Debug|Any CPU.ActiveCfg = Debug|Any CPU
		{88388E48-4FDF-4688-8DA9-49F14D253C3E}.Debug|Any CPU.Build.0 = Debug|Any CPU
		{88388E48-4FDF-4688-8DA9-49F14D253C3E}.Release|Any CPU.ActiveCfg = Release|Any CPU
		{88388E48-4FDF-4688-8DA9-49F14D253C3E}.Release|Any CPU.Build.0 = Release|Any CPU
	EndGlobalSection
	GlobalSection(SolutionProperties) = preSolution
		HideSolutionNode = FALSE
	EndGlobalSection
EndGlobal
